<?xml version="1.0" encoding="utf-8"?>
<Project ToolsVersion="4.0" xmlns="http://schemas.microsoft.com/developer/msbuild/2003">
  <ItemGroup>
    <Filter Include="Source Files">
      <UniqueIdentifier>{4FC737F1-C7A5-4376-A066-2A32D752A2FF}</UniqueIdentifier>
      <Extensions>cpp;c;cc;cxx;c++;def;odl;idl;hpj;bat;asm;asmx</Extensions>
    </Filter>
    <Filter Include="Header Files">
      <UniqueIdentifier>{93995380-89BD-4b04-88EB-625FBE52EBFB}</UniqueIdentifier>
      <Extensions>h;hh;hpp;hxx;h++;hm;inl;inc;ipp;xsd</Extensions>
    </Filter>
    <Filter Include="Resource Files">
      <UniqueIdentifier>{67DA6AB6-F800-4c08-8B7A-83BB121AAD01}</UniqueIdentifier>
      <Extensions>rc;ico;cur;bmp;dlg;rc2;rct;bin;rgs;gif;jpg;jpeg;jpe;resx;tiff;tif;png;wav;mfcribbon-ms</Extensions>
    </Filter>
    <Filter Include="Shaders">
      <UniqueIdentifier>{d9e5cac8-ba4f-48ef-bd33-f312e2493b3d}</UniqueIdentifier>
    </Filter>
    <Filter Include="Header Files\ImGuiLib">
      <UniqueIdentifier>{b4490f1c-60e5-49c5-9ce5-b240712b7f4d}</UniqueIdentifier>
    </Filter>
    <Filter Include="Header Files\ImageImportLibrary">
      <UniqueIdentifier>{254d084e-16d6-4c43-9419-5cf7d0704ee9}</UniqueIdentifier>
    </Filter>
  </ItemGroup>
  <ItemGroup>
    <ClCompile Include="main.cpp">
      <Filter>Source Files</Filter>
    </ClCompile>
    <ClCompile Include="GUI\ImGui\demo.cpp">
      <Filter>Header Files\ImGuiLib</Filter>
    </ClCompile>
    <ClCompile Include="GUI\ImGui\imgui.cpp">
      <Filter>Header Files\ImGuiLib</Filter>
    </ClCompile>
    <ClCompile Include="GUI\ImGui\imgui_draw.cpp">
      <Filter>Header Files\ImGuiLib</Filter>
    </ClCompile>
    <ClCompile Include="GUI\ImGui\imgui_impl_dx11.cpp">
      <Filter>Header Files\ImGuiLib</Filter>
    </ClCompile>
    <ClCompile Include="GUI\ImGui\imgui_impl_win32.cpp">
      <Filter>Header Files\ImGuiLib</Filter>
    </ClCompile>
    <ClCompile Include="GUI\ImGui\imgui_tables.cpp">
      <Filter>Header Files\ImGuiLib</Filter>
    </ClCompile>
    <ClCompile Include="GUI\ImGui\imgui_widgets.cpp">
      <Filter>Header Files\ImGuiLib</Filter>
    </ClCompile>
    <ClCompile Include="GUI\guiclass.cpp">
      <Filter>Source Files</Filter>
    </ClCompile>
    <ClCompile Include="GUI\Components\AssetPanel.cpp">
      <Filter>Source Files</Filter>
    </ClCompile>
    <ClCompile Include="Engine.cpp">
      <Filter>Source Files</Filter>
    </ClCompile>
    <ClCompile Include="Core\Renderer\DirectX\d3dclass.cpp">
      <Filter>Source Files</Filter>
    </ClCompile>
    <ClCompile Include="Core\Renderer\Shaders\ClipPlane\clipplaneshaderclass.cpp">
      <Filter>Source Files</Filter>
    </ClCompile>
    <ClCompile Include="Core\Renderer\Shaders\Color\colorshaderclass.cpp">
      <Filter>Source Files</Filter>
    </ClCompile>
    <ClCompile Include="Core\Renderer\Shaders\Font\fontshaderclass.cpp">
      <Filter>Source Files</Filter>
    </ClCompile>
    <ClCompile Include="Core\Renderer\Shaders\Font\textclass.cpp">
      <Filter>Source Files</Filter>
    </ClCompile>
    <ClCompile Include="Core\Renderer\Shaders\Light\lightshaderclass.cpp">
      <Filter>Source Files</Filter>
    </ClCompile>
    <ClCompile Include="Core\Renderer\Shaders\PBR\PBRshaderclass.cpp">
      <Filter>Source Files</Filter>
    </ClCompile>
    <ClCompile Include="Core\Renderer\Shaders\Texture\textureshaderclass.cpp">
      <Filter>Source Files</Filter>
    </ClCompile>
    <ClCompile Include="Core\Scene\Controllers\GameManager.cpp">
      <Filter>Source Files</Filter>
    </ClCompile>
    <ClCompile Include="Core\Scene\Controllers\userinterfaceclass.cpp">
      <Filter>Source Files</Filter>
    </ClCompile>
    <ClCompile Include="Core\Utils\Gizmos\arrowsclass.cpp">
      <Filter>Source Files</Filter>
    </ClCompile>
    <ClCompile Include="Core\Utils\Gizmos\Terrainclass.cpp">
      <Filter>Source Files</Filter>
    </ClCompile>
    <ClCompile Include="Core\Utils\system\cpuclass.cpp">
      <Filter>Source Files</Filter>
    </ClCompile>
    <ClCompile Include="Core\Utils\system\fpsclass.cpp">
      <Filter>Source Files</Filter>
    </ClCompile>
    <ClCompile Include="Core\Utils\system\inputclass.cpp">
      <Filter>Source Files</Filter>
    </ClCompile>
    <ClCompile Include="Core\Utils\system\timerclass.cpp">
      <Filter>Source Files</Filter>
    </ClCompile>
    <ClCompile Include="Core\Utils\CameraSceneNavigation.cpp">
      <Filter>Source Files</Filter>
    </ClCompile>
    <ClCompile Include="Core\Utils\FileLoader.cpp">
      <Filter>Source Files</Filter>
    </ClCompile>
    <ClCompile Include="Core\Utils\positionclass.cpp">
      <Filter>Source Files</Filter>
    </ClCompile>
    <ClCompile Include="Core\Renderer\Utils\texturearrayclass.cpp">
      <Filter>Source Files</Filter>
    </ClCompile>
    <ClCompile Include="Core\Renderer\Utils\textureclass.cpp">
      <Filter>Source Files</Filter>
    </ClCompile>
    <ClCompile Include="Core\Renderer\Utils\rendertextureclass.cpp">
      <Filter>Source Files</Filter>
    </ClCompile>
    <ClCompile Include="Core\Renderer\Optimization\frustumclass.cpp">
      <Filter>Source Files</Filter>
    </ClCompile>
    <ClCompile Include="Core\Renderer\Controllers\scenerenderclass.cpp">
      <Filter>Source Files</Filter>
    </ClCompile>
    <ClCompile Include="Core\Scene\Entity\Components\Light\lightclass.cpp">
      <Filter>Source Files</Filter>
    </ClCompile>
    <ClCompile Include="Core\Scene\Entity\Components\Sprite\bitmapclass.cpp">
      <Filter>Source Files</Filter>
    </ClCompile>
    <ClCompile Include="Core\Scene\Entity\Components\Sprite\fontclass.cpp">
      <Filter>Source Files</Filter>
    </ClCompile>
    <ClCompile Include="Core\Scene\Entity\Components\Sprite\spriteclass.cpp">
      <Filter>Source Files</Filter>
    </ClCompile>
    <ClCompile Include="Core\Scene\Entity\Components\CameraComponent.cpp">
      <Filter>Source Files</Filter>
    </ClCompile>
    <ClCompile Include="Core\Renderer\Utils\modellistclass.cpp">
      <Filter>Source Files</Filter>
    </ClCompile>
    <ClCompile Include="Core\Renderer\Utils\Mesh.cpp">
      <Filter>Source Files</Filter>
    </ClCompile>
  </ItemGroup>
  <ItemGroup>
    <ClInclude Include="GUI\ImGui\imconfig.h">
      <Filter>Header Files\ImGuiLib</Filter>
    </ClInclude>
    <ClInclude Include="GUI\ImGui\imgui.h">
      <Filter>Header Files\ImGuiLib</Filter>
    </ClInclude>
    <ClInclude Include="GUI\ImGui\imgui_impl_dx11.h">
      <Filter>Header Files\ImGuiLib</Filter>
    </ClInclude>
    <ClInclude Include="GUI\ImGui\imgui_impl_win32.h">
      <Filter>Header Files\ImGuiLib</Filter>
    </ClInclude>
    <ClInclude Include="GUI\ImGui\imgui_internal.h">
      <Filter>Header Files\ImGuiLib</Filter>
    </ClInclude>
    <ClInclude Include="GUI\ImGui\imstb_rectpack.h">
      <Filter>Header Files\ImGuiLib</Filter>
    </ClInclude>
    <ClInclude Include="GUI\ImGui\imstb_textedit.h">
      <Filter>Header Files\ImGuiLib</Filter>
    </ClInclude>
    <ClInclude Include="GUI\ImGui\imstb_truetype.h">
      <Filter>Header Files\ImGuiLib</Filter>
    </ClInclude>
    <ClInclude Include="GUI\guiclass.h">
      <Filter>Header Files</Filter>
    </ClInclude>
    <ClInclude Include="GUI\Components\AssetPanel.h">
      <Filter>Header Files</Filter>
    </ClInclude>
    <ClInclude Include="Engine.h">
      <Filter>Header Files</Filter>
    </ClInclude>
    <ClInclude Include="Core\Renderer\DirectX\d3dclass.h">
      <Filter>Header Files</Filter>
    </ClInclude>
    <ClInclude Include="Core\Renderer\DirectX\stb_image.h">
      <Filter>Header Files\ImageImportLibrary</Filter>
    </ClInclude>
    <ClInclude Include="Core\Renderer\DirectX\TextureLoader.h">
      <Filter>Header Files\ImageImportLibrary</Filter>
    </ClInclude>
    <ClInclude Include="Core\Renderer\Shaders\ClipPlane\clipplaneshaderclass.h">
      <Filter>Header Files</Filter>
    </ClInclude>
    <ClInclude Include="Core\Renderer\Shaders\Color\colorshaderclass.h">
      <Filter>Header Files</Filter>
    </ClInclude>
    <ClInclude Include="Core\Renderer\Shaders\Font\fontshaderclass.h">
      <Filter>Header Files</Filter>
    </ClInclude>
    <ClInclude Include="Core\Renderer\Shaders\Font\textclass.h">
      <Filter>Header Files</Filter>
    </ClInclude>
    <ClInclude Include="Core\Renderer\Shaders\Light\lightshaderclass.h">
      <Filter>Header Files</Filter>
    </ClInclude>
    <ClInclude Include="Core\Renderer\Shaders\PBR\PBRshaderclass.h">
      <Filter>Header Files</Filter>
    </ClInclude>
    <ClInclude Include="Core\Renderer\Shaders\Texture\textureshaderclass.h">
      <Filter>Header Files</Filter>
    </ClInclude>
    <ClInclude Include="Core\Scene\Controllers\GameManager.h">
      <Filter>Header Files</Filter>
    </ClInclude>
    <ClInclude Include="Core\Scene\Controllers\userinterfaceclass.h">
      <Filter>Header Files</Filter>
    </ClInclude>
    <ClInclude Include="Core\Scene\Materials\ColorShaderMaterial.h">
      <Filter>Header Files</Filter>
    </ClInclude>
    <ClInclude Include="Core\Scene\Materials\PBRShaderMaterial.h">
      <Filter>Header Files</Filter>
    </ClInclude>
    <ClInclude Include="Core\Utils\Gizmos\arrowsclass.h">
      <Filter>Header Files</Filter>
    </ClInclude>
    <ClInclude Include="Core\Utils\Gizmos\Terrainclass.h">
      <Filter>Header Files</Filter>
    </ClInclude>
    <ClInclude Include="Core\Utils\system\cpuclass.h">
      <Filter>Header Files</Filter>
    </ClInclude>
    <ClInclude Include="Core\Utils\system\fpsclass.h">
      <Filter>Header Files</Filter>
    </ClInclude>
    <ClInclude Include="Core\Utils\system\inputclass.h">
      <Filter>Header Files</Filter>
    </ClInclude>
    <ClInclude Include="Core\Utils\system\timerclass.h">
      <Filter>Header Files</Filter>
    </ClInclude>
    <ClInclude Include="Core\Utils\CameraSceneNavigation.h">
      <Filter>Header Files</Filter>
    </ClInclude>
    <ClInclude Include="Core\Utils\FileLoader.h">
      <Filter>Header Files</Filter>
    </ClInclude>
    <ClInclude Include="Core\Utils\positionclass.h">
      <Filter>Header Files</Filter>
    </ClInclude>
    <ClInclude Include="Core\Renderer\Utils\texturearrayclass.h">
      <Filter>Header Files</Filter>
    </ClInclude>
    <ClInclude Include="Core\Renderer\Utils\textureclass.h">
      <Filter>Header Files</Filter>
    </ClInclude>
    <ClInclude Include="Core\Renderer\Utils\rendertextureclass.h">
      <Filter>Header Files</Filter>
    </ClInclude>
    <ClInclude Include="Core\Renderer\Shaders\Shader.h">
      <Filter>Header Files</Filter>
    </ClInclude>
    <ClInclude Include="Core\Renderer\Optimization\frustumclass.h">
      <Filter>Header Files</Filter>
    </ClInclude>
    <ClInclude Include="Core\Renderer\Controllers\scenerenderclass.h">
      <Filter>Header Files</Filter>
    </ClInclude>
    <ClInclude Include="Core\Scene\Materials\Material.h">
      <Filter>Header Files</Filter>
    </ClInclude>
    <ClInclude Include="Core\Scene\Entity\Components\Light\lightclass.h">
      <Filter>Header Files</Filter>
    </ClInclude>
    <ClInclude Include="Core\Scene\Entity\Components\Sprite\bitmapclass.h">
      <Filter>Header Files</Filter>
    </ClInclude>
    <ClInclude Include="Core\Scene\Entity\Components\Sprite\fontclass.h">
      <Filter>Header Files</Filter>
    </ClInclude>
    <ClInclude Include="Core\Scene\Entity\Components\Sprite\spriteclass.h">
      <Filter>Header Files</Filter>
    </ClInclude>
    <ClInclude Include="Core\Scene\Entity\Components\CameraComponent.h">
      <Filter>Header Files</Filter>
    </ClInclude>
    <ClInclude Include="Core\Scene\Entity\Component.h">
      <Filter>Header Files</Filter>
    </ClInclude>
    <ClInclude Include="Core\Scene\Entity\Entity.h">
      <Filter>Header Files</Filter>
    </ClInclude>
    <ClInclude Include="Core\Scene\Entity\Transform.h">
      <Filter>Header Files</Filter>
    </ClInclude>
    <ClInclude Include="Core\Scene\Entity\Components\MeshComponent.h">
      <Filter>Header Files</Filter>
    </ClInclude>
    <ClInclude Include="Core\Renderer\Utils\modellistclass.h">
      <Filter>Header Files</Filter>
    </ClInclude>
    <ClInclude Include="Core\Renderer\Utils\Mesh.h">
      <Filter>Header Files</Filter>
    </ClInclude>
    <ClInclude Include="GUI\Styles.h">
      <Filter>Header Files</Filter>
    </ClInclude>
    <ClInclude Include="GUI\Components\Console.h">
      <Filter>Header Files</Filter>
    </ClInclude>
    <ClInclude Include="GUI\Components\ScenePanel.h">
      <Filter>Header Files</Filter>
    </ClInclude>
  </ItemGroup>
  <ItemGroup>
    <None Include="Core\Renderer\Shaders\ClipPlane\clipplane.ps">
      <Filter>Shaders</Filter>
    </None>
    <None Include="Core\Renderer\Shaders\ClipPlane\clipplane.vs">
      <Filter>Shaders</Filter>
    </None>
    <None Include="Core\Renderer\Shaders\Color\color.ps">
      <Filter>Shaders</Filter>
    </None>
    <None Include="Core\Renderer\Shaders\Color\color.vs">
      <Filter>Shaders</Filter>
    </None>
    <None Include="Core\Renderer\Shaders\Font\font.ps">
      <Filter>Shaders</Filter>
    </None>
    <None Include="Core\Renderer\Shaders\Font\font.vs">
      <Filter>Shaders</Filter>
    </None>
    <None Include="Core\Renderer\Shaders\Light\light.ps">
      <Filter>Shaders</Filter>
    </None>
    <None Include="Core\Renderer\Shaders\Light\light.vs">
      <Filter>Shaders</Filter>
    </None>
    <None Include="Core\Renderer\Shaders\Texture\texture.ps">
      <Filter>Shaders</Filter>
    </None>
    <None Include="Core\Renderer\Shaders\Texture\texture.vs">
      <Filter>Shaders</Filter>
    </None>
  </ItemGroup>
  <ItemGroup>
    <FxCompile Include="Core\Renderer\Shaders\Color\COLOR_PS.hlsl">
      <Filter>Shaders</Filter>
    </FxCompile>
    <FxCompile Include="Core\Renderer\Shaders\Color\COLOR_VS.hlsl">
      <Filter>Shaders</Filter>
    </FxCompile>
    <FxCompile Include="Core\Renderer\Shaders\PBR\PBR_PS.hlsl">
      <Filter>Shaders</Filter>
    </FxCompile>
    <FxCompile Include="Core\Renderer\Shaders\PBR\PBR_VS.hlsl">
      <Filter>Shaders</Filter>
    </FxCompile>
  </ItemGroup>
  <ItemGroup>
    <Natvis Include="GUI\ImGui\imgui.natvis">
      <Filter>Header Files\ImGuiLib</Filter>
    </Natvis>
  </ItemGroup>
</Project>